// !$*UTF8*$!
{
	archiveVersion = 1;
	classes = {
	};
	objectVersion = 46;
	objects = {

/* Begin PBXBuildFile section */
		353500CAC877020A12D1107A /* Main.storyboard in Resources */ = {isa = PBXBuildFile; fileRef = 35350D3E92F7A22B0E256B65 /* Main.storyboard */; };
		353500E526FC25336EF5EA7D /* LaunchScreen.storyboard in Resources */ = {isa = PBXBuildFile; fileRef = 3535047A02809A13F5BB5CFE /* LaunchScreen.storyboard */; };
		35350238BCCD7D999E2E60E2 /* Assets.xcassets in Resources */ = {isa = PBXBuildFile; fileRef = 353505602645D18020AE3560 /* Assets.xcassets */; };
		35350402F9845BDB53700CDC /* NewItemProxy.swift in Sources */ = {isa = PBXBuildFile; fileRef = 3535093F9F2E91CD7E81B289 /* NewItemProxy.swift */; };
		3535041F1C0E04C00B104179 /* Info.plist in Resources */ = {isa = PBXBuildFile; fileRef = 35350C913343D02DF2A19A2A /* Info.plist */; };
		3535049EA01399DA38F6CCD4 /* ModelProtocol.swift in Sources */ = {isa = PBXBuildFile; fileRef = 35350C606D7C653399BF7A42 /* ModelProtocol.swift */; };
		353504F6B338DBFA4C2DDD50 /* StrategyProtocol.swift in Sources */ = {isa = PBXBuildFile; fileRef = 35350A4C3065F143B7625E33 /* StrategyProtocol.swift */; };
		353507CA6A192109B6C6121A /* HeterogeneousCollection.swift in Sources */ = {isa = PBXBuildFile; fileRef = 35350FDB06E476DAA400497C /* HeterogeneousCollection.swift */; };
		3535087631316F8DD4CDE3DF /* AdProxy.swift in Sources */ = {isa = PBXBuildFile; fileRef = 35350A2FC94A6C609EEEEDA8 /* AdProxy.swift */; };
		353508F987877C326B790B0C /* SearchItemsClient.swift in Sources */ = {isa = PBXBuildFile; fileRef = 3535053DD4DE861039FFE021 /* SearchItemsClient.swift */; };
		35350941497FC78FFD8F2289 /* NewItemsViewController.swift in Sources */ = {isa = PBXBuildFile; fileRef = 35350857D943624F5AF5D9F4 /* NewItemsViewController.swift */; };
		353509659BD102F09BEEA1E2 /* SearchItemProxy.swift in Sources */ = {isa = PBXBuildFile; fileRef = 353500AC383A2E250C1C734E /* SearchItemProxy.swift */; };
		3535098C627AC48FDD6F36EC /* DemoTests.swift in Sources */ = {isa = PBXBuildFile; fileRef = 353504131E07CB082EF9771A /* DemoTests.swift */; };
		35350A06F02D9531C9F42C60 /* Proxy.swift in Sources */ = {isa = PBXBuildFile; fileRef = 3535079FABB33324CCB99651 /* Proxy.swift */; };
		35350A5056AEA9D4CCEA6CAE /* NewItemModel.swift in Sources */ = {isa = PBXBuildFile; fileRef = 3535031AB2671B141DCBC604 /* NewItemModel.swift */; };
		35350A81B6D5ACF073134449 /* ViewController.swift in Sources */ = {isa = PBXBuildFile; fileRef = 35350304F4B488F8BFDD7291 /* ViewController.swift */; };
		35350ACEA4A8A69FB7882D84 /* SearchStrategy.swift in Sources */ = {isa = PBXBuildFile; fileRef = 35350FBA2771B4FDE207833E /* SearchStrategy.swift */; };
		35350B3D4C68F7BF380FEBBF /* SearchViewController.swift in Sources */ = {isa = PBXBuildFile; fileRef = 3535097671A8C0BE6AF7FA3B /* SearchViewController.swift */; };
		35350CB81CA37EBA83E2C9CF /* AdModel.swift in Sources */ = {isa = PBXBuildFile; fileRef = 353504118A1FBEB57B41F2C7 /* AdModel.swift */; };
		35350D23360491A153AADD2E /* SearchItemModel.swift in Sources */ = {isa = PBXBuildFile; fileRef = 353505A017F5FDEAD2ED9449 /* SearchItemModel.swift */; };
		35350D6235B767D11A655F5B /* NewItemsClient.swift in Sources */ = {isa = PBXBuildFile; fileRef = 3535070A455643448AAED3BB /* NewItemsClient.swift */; };
		35350E46D66FD2624FD16862 /* AppDelegate.swift in Sources */ = {isa = PBXBuildFile; fileRef = 35350A6081FEEF2B72C54313 /* AppDelegate.swift */; };
		35350E5AD25C45D4246C6C70 /* Info.plist in Resources */ = {isa = PBXBuildFile; fileRef = 3535093D01DE4C97110310D1 /* Info.plist */; };
		35350F97B0862782B69A9901 /* AdClient.swift in Sources */ = {isa = PBXBuildFile; fileRef = 35350833A51AB6A06817DCFD /* AdClient.swift */; };
		35350FC0DE4FF2F36F2AC31F /* NewItemStrategy.swift in Sources */ = {isa = PBXBuildFile; fileRef = 353504628F5E534A298C599C /* NewItemStrategy.swift */; };
/* End PBXBuildFile section */

/* Begin PBXContainerItemProxy section */
		3535085F19C901AEB375715E /* PBXContainerItemProxy */ = {
			isa = PBXContainerItemProxy;
			containerPortal = 35350CF3A02F926A4D688C77 /* Project object */;
			proxyType = 1;
			remoteGlobalIDString = 3535093C50487EC3E076D4B5;
			remoteInfo = Demo;
		};
/* End PBXContainerItemProxy section */

/* Begin PBXFileReference section */
		353500AC383A2E250C1C734E /* SearchItemProxy.swift */ = {isa = PBXFileReference; fileEncoding = 4; lastKnownFileType = sourcecode.swift; path = SearchItemProxy.swift; sourceTree = "<group>"; };
		35350304F4B488F8BFDD7291 /* ViewController.swift */ = {isa = PBXFileReference; lastKnownFileType = sourcecode.swift; path = ViewController.swift; sourceTree = "<group>"; };
		3535031AB2671B141DCBC604 /* NewItemModel.swift */ = {isa = PBXFileReference; fileEncoding = 4; lastKnownFileType = sourcecode.swift; path = NewItemModel.swift; sourceTree = "<group>"; };
		3535041009C9D9FDDD24A9A1 /* Demo.app */ = {isa = PBXFileReference; explicitFileType = wrapper.application; includeInIndex = 0; path = Demo.app; sourceTree = BUILT_PRODUCTS_DIR; };
		353504118A1FBEB57B41F2C7 /* AdModel.swift */ = {isa = PBXFileReference; fileEncoding = 4; lastKnownFileType = sourcecode.swift; path = AdModel.swift; sourceTree = "<group>"; };
		353504131E07CB082EF9771A /* DemoTests.swift */ = {isa = PBXFileReference; lastKnownFileType = sourcecode.swift; path = DemoTests.swift; sourceTree = "<group>"; };
		35350446A19C29B92093A79C /* Base */ = {isa = PBXFileReference; lastKnownFileType = file.storyboard; name = Base; path = Base.lproj/LaunchScreen.storyboard; sourceTree = "<group>"; };
		353504628F5E534A298C599C /* NewItemStrategy.swift */ = {isa = PBXFileReference; fileEncoding = 4; lastKnownFileType = sourcecode.swift; path = NewItemStrategy.swift; sourceTree = "<group>"; };
		3535053DD4DE861039FFE021 /* SearchItemsClient.swift */ = {isa = PBXFileReference; fileEncoding = 4; lastKnownFileType = sourcecode.swift; path = SearchItemsClient.swift; sourceTree = "<group>"; };
		353505602645D18020AE3560 /* Assets.xcassets */ = {isa = PBXFileReference; lastKnownFileType = folder.assetcatalog; path = Assets.xcassets; sourceTree = "<group>"; };
		353505A017F5FDEAD2ED9449 /* SearchItemModel.swift */ = {isa = PBXFileReference; fileEncoding = 4; lastKnownFileType = sourcecode.swift; path = SearchItemModel.swift; sourceTree = "<group>"; };
		3535070A455643448AAED3BB /* NewItemsClient.swift */ = {isa = PBXFileReference; fileEncoding = 4; lastKnownFileType = sourcecode.swift; path = NewItemsClient.swift; sourceTree = "<group>"; };
		3535079FABB33324CCB99651 /* Proxy.swift */ = {isa = PBXFileReference; fileEncoding = 4; lastKnownFileType = sourcecode.swift; path = Proxy.swift; sourceTree = "<group>"; };
		35350833A51AB6A06817DCFD /* AdClient.swift */ = {isa = PBXFileReference; fileEncoding = 4; lastKnownFileType = sourcecode.swift; path = AdClient.swift; sourceTree = "<group>"; };
		35350857D943624F5AF5D9F4 /* NewItemsViewController.swift */ = {isa = PBXFileReference; fileEncoding = 4; lastKnownFileType = sourcecode.swift; path = NewItemsViewController.swift; sourceTree = "<group>"; };
		3535093D01DE4C97110310D1 /* Info.plist */ = {isa = PBXFileReference; lastKnownFileType = text.plist.info; path = Info.plist; sourceTree = "<group>"; };
		3535093F9F2E91CD7E81B289 /* NewItemProxy.swift */ = {isa = PBXFileReference; fileEncoding = 4; lastKnownFileType = sourcecode.swift; path = NewItemProxy.swift; sourceTree = "<group>"; };
		3535097671A8C0BE6AF7FA3B /* SearchViewController.swift */ = {isa = PBXFileReference; fileEncoding = 4; lastKnownFileType = sourcecode.swift; path = SearchViewController.swift; sourceTree = "<group>"; };
		35350A2FC94A6C609EEEEDA8 /* AdProxy.swift */ = {isa = PBXFileReference; fileEncoding = 4; lastKnownFileType = sourcecode.swift; path = AdProxy.swift; sourceTree = "<group>"; };
		35350A4C3065F143B7625E33 /* StrategyProtocol.swift */ = {isa = PBXFileReference; fileEncoding = 4; lastKnownFileType = sourcecode.swift; path = StrategyProtocol.swift; sourceTree = "<group>"; };
		35350A6081FEEF2B72C54313 /* AppDelegate.swift */ = {isa = PBXFileReference; lastKnownFileType = sourcecode.swift; path = AppDelegate.swift; sourceTree = "<group>"; };
		35350C606D7C653399BF7A42 /* ModelProtocol.swift */ = {isa = PBXFileReference; fileEncoding = 4; lastKnownFileType = sourcecode.swift; path = ModelProtocol.swift; sourceTree = "<group>"; };
		35350C913343D02DF2A19A2A /* Info.plist */ = {isa = PBXFileReference; lastKnownFileType = text.plist.info; path = Info.plist; sourceTree = "<group>"; };
		35350D510119EA3444006C84 /* DemoTests.xctest */ = {isa = PBXFileReference; explicitFileType = wrapper.cfbundle; includeInIndex = 0; path = DemoTests.xctest; sourceTree = BUILT_PRODUCTS_DIR; };
		35350E4E6A9332DC679E99AD /* Base */ = {isa = PBXFileReference; lastKnownFileType = file.storyboard; name = Base; path = Base.lproj/Main.storyboard; sourceTree = "<group>"; };
		35350FBA2771B4FDE207833E /* SearchStrategy.swift */ = {isa = PBXFileReference; fileEncoding = 4; lastKnownFileType = sourcecode.swift; path = SearchStrategy.swift; sourceTree = "<group>"; };
		35350FDB06E476DAA400497C /* HeterogeneousCollection.swift */ = {isa = PBXFileReference; fileEncoding = 4; lastKnownFileType = sourcecode.swift; path = HeterogeneousCollection.swift; sourceTree = "<group>"; };
/* End PBXFileReference section */

/* Begin PBXFrameworksBuildPhase section */
		35350538487E5B0E96EF527B /* Frameworks */ = {
			isa = PBXFrameworksBuildPhase;
			buildActionMask = 2147483647;
			files = (
			);
			runOnlyForDeploymentPostprocessing = 0;
		};
		35350CA44C14F3213153BA71 /* Frameworks */ = {
			isa = PBXFrameworksBuildPhase;
			buildActionMask = 2147483647;
			files = (
			);
			runOnlyForDeploymentPostprocessing = 0;
		};
/* End PBXFrameworksBuildPhase section */

/* Begin PBXGroup section */
		35350074B84DDBB1A7610DF0 /* Networking */ = {
			isa = PBXGroup;
			children = (
				3535053DD4DE861039FFE021 /* SearchItemsClient.swift */,
				3535070A455643448AAED3BB /* NewItemsClient.swift */,
				35350833A51AB6A06817DCFD /* AdClient.swift */,
			);
			path = Networking;
			sourceTree = "<group>";
		};
		353501D4468A31B2CE00119B /* Common */ = {
			isa = PBXGroup;
			children = (
				35350FDB06E476DAA400497C /* HeterogeneousCollection.swift */,
				35350A4C3065F143B7625E33 /* StrategyProtocol.swift */,
				3535079FABB33324CCB99651 /* Proxy.swift */,
				35350C606D7C653399BF7A42 /* ModelProtocol.swift */,
			);
			path = Common;
			sourceTree = "<group>";
		};
		353503F6A4ACA0F3F381DE3B /* Products */ = {
			isa = PBXGroup;
			children = (
				3535041009C9D9FDDD24A9A1 /* Demo.app */,
				35350D510119EA3444006C84 /* DemoTests.xctest */,
			);
			name = Products;
			sourceTree = "<group>";
		};
		3535068EFFB8852103018697 /* Search */ = {
			isa = PBXGroup;
			children = (
				3535097671A8C0BE6AF7FA3B /* SearchViewController.swift */,
				35350FBA2771B4FDE207833E /* SearchStrategy.swift */,
			);
			path = Search;
			sourceTree = "<group>";
		};
		3535078391493B8A8E661F10 /* New */ = {
			isa = PBXGroup;
			children = (
				35350857D943624F5AF5D9F4 /* NewItemsViewController.swift */,
				353504628F5E534A298C599C /* NewItemStrategy.swift */,
			);
			path = New;
			sourceTree = "<group>";
		};
		353507A9A49A81682958EA8F /* Model */ = {
			isa = PBXGroup;
			children = (
				353505A017F5FDEAD2ED9449 /* SearchItemModel.swift */,
				3535031AB2671B141DCBC604 /* NewItemModel.swift */,
				353504118A1FBEB57B41F2C7 /* AdModel.swift */,
			);
			path = Model;
			sourceTree = "<group>";
		};
		35350AA7B227B66871D41BE4 /* Proxy */ = {
			isa = PBXGroup;
			children = (
				353500AC383A2E250C1C734E /* SearchItemProxy.swift */,
				35350A2FC94A6C609EEEEDA8 /* AdProxy.swift */,
				3535093F9F2E91CD7E81B289 /* NewItemProxy.swift */,
			);
			path = Proxy;
			sourceTree = "<group>";
		};
		35350ADBFCC4D1E15CC4AF37 = {
			isa = PBXGroup;
			children = (
				353503F6A4ACA0F3F381DE3B /* Products */,
				35350BC2339C572BACCAD5FC /* Demo */,
				35350B8C426659CFB42DB580 /* DemoTests */,
			);
			sourceTree = "<group>";
		};
		35350B8C426659CFB42DB580 /* DemoTests */ = {
			isa = PBXGroup;
			children = (
				3535093D01DE4C97110310D1 /* Info.plist */,
				353504131E07CB082EF9771A /* DemoTests.swift */,
			);
			path = DemoTests;
			sourceTree = "<group>";
		};
		35350BC2339C572BACCAD5FC /* Demo */ = {
			isa = PBXGroup;
			children = (
				35350C913343D02DF2A19A2A /* Info.plist */,
				353505602645D18020AE3560 /* Assets.xcassets */,
				3535047A02809A13F5BB5CFE /* LaunchScreen.storyboard */,
				35350A6081FEEF2B72C54313 /* AppDelegate.swift */,
				35350D3E92F7A22B0E256B65 /* Main.storyboard */,
				35350304F4B488F8BFDD7291 /* ViewController.swift */,
				35350074B84DDBB1A7610DF0 /* Networking */,
				353507A9A49A81682958EA8F /* Model */,
				3535068EFFB8852103018697 /* Search */,
				3535078391493B8A8E661F10 /* New */,
				353501D4468A31B2CE00119B /* Common */,
				35350AA7B227B66871D41BE4 /* Proxy */,
			);
			path = Demo;
			sourceTree = "<group>";
		};
/* End PBXGroup section */

/* Begin PBXNativeTarget section */
		3535093C50487EC3E076D4B5 /* Demo */ = {
			isa = PBXNativeTarget;
			buildConfigurationList = 35350D2236B81C68A869CFAF /* Build configuration list for PBXNativeTarget "Demo" */;
			buildPhases = (
				35350AE957BD5BADCCE7B2D1 /* Sources */,
				35350538487E5B0E96EF527B /* Frameworks */,
				3535056BF983E934651E1356 /* Resources */,
			);
			buildRules = (
			);
			dependencies = (
			);
			name = Demo;
			productName = Demo;
			productReference = 3535041009C9D9FDDD24A9A1 /* Demo.app */;
			productType = "com.apple.product-type.application";
		};
		3535093EC78560E62CA8D996 /* DemoTests */ = {
			isa = PBXNativeTarget;
			buildConfigurationList = 35350209043AAAFE5F13A6E7 /* Build configuration list for PBXNativeTarget "DemoTests" */;
			buildPhases = (
				3535071C152394A24C15AF12 /* Sources */,
				35350CA44C14F3213153BA71 /* Frameworks */,
				3535077D1794EBD634BC400C /* Resources */,
			);
			buildRules = (
			);
			dependencies = (
				35350837CADFC8F5CD473AB8 /* PBXTargetDependency */,
			);
			name = DemoTests;
			productName = DemoTests;
			productReference = 35350D510119EA3444006C84 /* DemoTests.xctest */;
			productType = "com.apple.product-type.bundle.unit-test";
		};
/* End PBXNativeTarget section */

/* Begin PBXProject section */
		35350CF3A02F926A4D688C77 /* Project object */ = {
			isa = PBXProject;
			attributes = {
				ORGANIZATIONNAME = "Jakub Kuzimski";
			};
			buildConfigurationList = 3535072D70CC2DEAE97FFE2F /* Build configuration list for PBXProject "Demo" */;
			compatibilityVersion = "Xcode 3.2";
			developmentRegion = English;
			hasScannedForEncodings = 0;
			knownRegions = (
				en,
			);
			mainGroup = 35350ADBFCC4D1E15CC4AF37;
			productRefGroup = 353503F6A4ACA0F3F381DE3B /* Products */;
			projectDirPath = "";
			projectRoot = "";
			targets = (
				3535093C50487EC3E076D4B5 /* Demo */,
				3535093EC78560E62CA8D996 /* DemoTests */,
			);
		};
/* End PBXProject section */

/* Begin PBXResourcesBuildPhase section */
		3535056BF983E934651E1356 /* Resources */ = {
			isa = PBXResourcesBuildPhase;
			buildActionMask = 2147483647;
			files = (
				3535041F1C0E04C00B104179 /* Info.plist in Resources */,
				35350238BCCD7D999E2E60E2 /* Assets.xcassets in Resources */,
				353500E526FC25336EF5EA7D /* LaunchScreen.storyboard in Resources */,
				353500CAC877020A12D1107A /* Main.storyboard in Resources */,
			);
			runOnlyForDeploymentPostprocessing = 0;
		};
		3535077D1794EBD634BC400C /* Resources */ = {
			isa = PBXResourcesBuildPhase;
			buildActionMask = 2147483647;
			files = (
				35350E5AD25C45D4246C6C70 /* Info.plist in Resources */,
			);
			runOnlyForDeploymentPostprocessing = 0;
		};
/* End PBXResourcesBuildPhase section */

/* Begin PBXSourcesBuildPhase section */
		3535071C152394A24C15AF12 /* Sources */ = {
			isa = PBXSourcesBuildPhase;
			buildActionMask = 2147483647;
			files = (
				3535098C627AC48FDD6F36EC /* DemoTests.swift in Sources */,
			);
			runOnlyForDeploymentPostprocessing = 0;
		};
		35350AE957BD5BADCCE7B2D1 /* Sources */ = {
			isa = PBXSourcesBuildPhase;
			buildActionMask = 2147483647;
			files = (
				35350E46D66FD2624FD16862 /* AppDelegate.swift in Sources */,
				35350A81B6D5ACF073134449 /* ViewController.swift in Sources */,
				353508F987877C326B790B0C /* SearchItemsClient.swift in Sources */,
				35350D23360491A153AADD2E /* SearchItemModel.swift in Sources */,
				35350B3D4C68F7BF380FEBBF /* SearchViewController.swift in Sources */,
				35350941497FC78FFD8F2289 /* NewItemsViewController.swift in Sources */,
				35350D6235B767D11A655F5B /* NewItemsClient.swift in Sources */,
				35350A5056AEA9D4CCEA6CAE /* NewItemModel.swift in Sources */,
				35350CB81CA37EBA83E2C9CF /* AdModel.swift in Sources */,
				35350F97B0862782B69A9901 /* AdClient.swift in Sources */,
				353507CA6A192109B6C6121A /* HeterogeneousCollection.swift in Sources */,
				353504F6B338DBFA4C2DDD50 /* StrategyProtocol.swift in Sources */,
				35350A06F02D9531C9F42C60 /* Proxy.swift in Sources */,
				3535049EA01399DA38F6CCD4 /* ModelProtocol.swift in Sources */,
				35350ACEA4A8A69FB7882D84 /* SearchStrategy.swift in Sources */,
				353509659BD102F09BEEA1E2 /* SearchItemProxy.swift in Sources */,
				3535087631316F8DD4CDE3DF /* AdProxy.swift in Sources */,
				35350402F9845BDB53700CDC /* NewItemProxy.swift in Sources */,
				35350FC0DE4FF2F36F2AC31F /* NewItemStrategy.swift in Sources */,
			);
			runOnlyForDeploymentPostprocessing = 0;
		};
/* End PBXSourcesBuildPhase section */

/* Begin PBXTargetDependency section */
		35350837CADFC8F5CD473AB8 /* PBXTargetDependency */ = {
			isa = PBXTargetDependency;
			target = 3535093C50487EC3E076D4B5 /* Demo */;
			targetProxy = 3535085F19C901AEB375715E /* PBXContainerItemProxy */;
		};
/* End PBXTargetDependency section */

/* Begin PBXVariantGroup section */
		3535047A02809A13F5BB5CFE /* LaunchScreen.storyboard */ = {
			isa = PBXVariantGroup;
			children = (
				35350446A19C29B92093A79C /* Base */,
			);
			name = LaunchScreen.storyboard;
			sourceTree = "<group>";
		};
		35350D3E92F7A22B0E256B65 /* Main.storyboard */ = {
			isa = PBXVariantGroup;
			children = (
				35350E4E6A9332DC679E99AD /* Base */,
			);
			name = Main.storyboard;
			sourceTree = "<group>";
		};
/* End PBXVariantGroup section */

/* Begin XCBuildConfiguration section */
		353506BFA11C106EB098C926 /* Release */ = {
			isa = XCBuildConfiguration;
			buildSettings = {
				ASSETCATALOG_COMPILER_APPICON_NAME = AppIcon;
				INFOPLIST_FILE = Demo/Info.plist;
				LD_RUNPATH_SEARCH_PATHS = "$(inherited) @executable_path/Frameworks";
				PRODUCT_BUNDLE_IDENTIFIER = com.demo.Demo;
				PRODUCT_NAME = "$(TARGET_NAME)";
				SWIFT_VERSION = 3.0;
			};
			name = Release;
		};
		3535081F45DED449F0300551 /* Debug */ = {
			isa = XCBuildConfiguration;
			buildSettings = {
				BUNDLE_LOADER = "$(BUILT_PRODUCTS_DIR)/Demo.app/Demo";
				INFOPLIST_FILE = DemoTests/Info.plist;
				LD_RUNPATH_SEARCH_PATHS = "$(inherited) @executable_path/Frameworks @loader_path/Frameworks";
				PRODUCT_BUNDLE_IDENTIFIER = com.demo.DemoTests;
				PRODUCT_NAME = "$(TARGET_NAME)";
				SWIFT_VERSION = 3.0;
				TEST_HOST = "$(BUNDLE_LOADER)";
			};
			name = Debug;
		};
		35350A86F6F85CDDFA04BD10 /* Debug */ = {
			isa = XCBuildConfiguration;
			buildSettings = {
				ALWAYS_SEARCH_USER_PATHS = NO;
				CLANG_ANALYZER_NONNULL = YES;
				CLANG_CXX_LANGUAGE_STANDARD = "gnu++0x";
				CLANG_CXX_LIBRARY = "libc++";
				CLANG_ENABLE_MODULES = YES;
				CLANG_ENABLE_OBJC_ARC = YES;
				CLANG_WARN_BOOL_CONVERSION = YES;
				CLANG_WARN_CONSTANT_CONVERSION = YES;
				CLANG_WARN_DIRECT_OBJC_ISA_USAGE = YES_ERROR;
				CLANG_WARN_DOCUMENTATION_COMMENTS = YES;
				CLANG_WARN_EMPTY_BODY = YES;
				CLANG_WARN_ENUM_CONVERSION = YES;
				CLANG_WARN_INFINITE_RECURSION = YES;
				CLANG_WARN_INT_CONVERSION = YES;
				CLANG_WARN_OBJC_ROOT_CLASS = YES_ERROR;
				CLANG_WARN_SUSPICIOUS_MOVES = YES;
				CLANG_WARN_UNREACHABLE_CODE = YES;
				CLANG_WARN__DUPLICATE_METHOD_MATCH = YES;
				"CODE_SIGN_IDENTITY[sdk=iphoneos*]" = "iPhone Developer";
				COPY_PHASE_STRIP = NO;
				DEBUG_INFORMATION_FORMAT = dwarf;
				ENABLE_STRICT_OBJC_MSGSEND = YES;
				ENABLE_TESTABILITY = YES;
				GCC_C_LANGUAGE_STANDARD = gnu99;
				GCC_DYNAMIC_NO_PIC = NO;
				GCC_NO_COMMON_BLOCKS = YES;
				GCC_OPTIMIZATION_LEVEL = 0;
				GCC_PREPROCESSOR_DEFINITIONS = (
					"DEBUG=1",
					"$(inherited)",
				);
				GCC_WARN_64_TO_32_BIT_CONVERSION = YES;
				GCC_WARN_ABOUT_RETURN_TYPE = YES_ERROR;
				GCC_WARN_UNDECLARED_SELECTOR = YES;
				GCC_WARN_UNINITIALIZED_AUTOS = YES_AGGRESSIVE;
				GCC_WARN_UNUSED_FUNCTION = YES;
				GCC_WARN_UNUSED_VARIABLE = YES;
				IPHONEOS_DEPLOYMENT_TARGET = 10.1;
				MTL_ENABLE_DEBUG_INFO = YES;
				ONLY_ACTIVE_ARCH = YES;
				SDKROOT = iphoneos;
				SWIFT_ACTIVE_COMPILATION_CONDITIONS = DEBUG;
				SWIFT_OPTIMIZATION_LEVEL = "-Onone";
				TARGETED_DEVICE_FAMILY = "1,2";
			};
			name = Debug;
		};
		35350C547CA97C95D336CA24 /* Release */ = {
			isa = XCBuildConfiguration;
			buildSettings = {
				BUNDLE_LOADER = "$(BUILT_PRODUCTS_DIR)/Demo.app/Demo";
				INFOPLIST_FILE = DemoTests/Info.plist;
				LD_RUNPATH_SEARCH_PATHS = "$(inherited) @executable_path/Frameworks @loader_path/Frameworks";
				PRODUCT_BUNDLE_IDENTIFIER = com.demo.DemoTests;
				PRODUCT_NAME = "$(TARGET_NAME)";
				SWIFT_VERSION = 3.0;
				TEST_HOST = "$(BUNDLE_LOADER)";
			};
			name = Release;
		};
		35350C84000C7986D545BB37 /* Release */ = {
			isa = XCBuildConfiguration;
			buildSettings = {
				ALWAYS_SEARCH_USER_PATHS = NO;
				CLANG_ANALYZER_NONNULL = YES;
				CLANG_CXX_LANGUAGE_STANDARD = "gnu++0x";
				CLANG_CXX_LIBRARY = "libc++";
				CLANG_ENABLE_MODULES = YES;
				CLANG_ENABLE_OBJC_ARC = YES;
				CLANG_WARN_BOOL_CONVERSION = YES;
				CLANG_WARN_CONSTANT_CONVERSION = YES;
				CLANG_WARN_DIRECT_OBJC_ISA_USAGE = YES_ERROR;
				CLANG_WARN_DOCUMENTATION_COMMENTS = YES;
				CLANG_WARN_EMPTY_BODY = YES;
				CLANG_WARN_ENUM_CONVERSION = YES;
				CLANG_WARN_INFINITE_RECURSION = YES;
				CLANG_WARN_INT_CONVERSION = YES;
				CLANG_WARN_OBJC_ROOT_CLASS = YES_ERROR;
				CLANG_WARN_SUSPICIOUS_MOVES = YES;
				CLANG_WARN_UNREACHABLE_CODE = YES;
				CLANG_WARN__DUPLICATE_METHOD_MATCH = YES;
				"CODE_SIGN_IDENTITY[sdk=iphoneos*]" = "iPhone Developer";
				COPY_PHASE_STRIP = NO;
				DEBUG_INFORMATION_FORMAT = "dwarf-with-dsym";
				ENABLE_NS_ASSERTIONS = NO;
				ENABLE_STRICT_OBJC_MSGSEND = YES;
				GCC_C_LANGUAGE_STANDARD = gnu99;
				GCC_NO_COMMON_BLOCKS = YES;
				GCC_WARN_64_TO_32_BIT_CONVERSION = YES;
				GCC_WARN_ABOUT_RETURN_TYPE = YES_ERROR;
				GCC_WARN_UNDECLARED_SELECTOR = YES;
				GCC_WARN_UNINITIALIZED_AUTOS = YES_AGGRESSIVE;
				GCC_WARN_UNUSED_FUNCTION = YES;
				GCC_WARN_UNUSED_VARIABLE = YES;
				IPHONEOS_DEPLOYMENT_TARGET = 10.1;
				MTL_ENABLE_DEBUG_INFO = NO;
				SDKROOT = iphoneos;
				SWIFT_OPTIMIZATION_LEVEL = "-Owholemodule";
				TARGETED_DEVICE_FAMILY = "1,2";
				VALIDATE_PRODUCT = YES;
			};
			name = Release;
		};
		35350F4D4DDCB69406DA892E /* Debug */ = {
			isa = XCBuildConfiguration;
			buildSettings = {
				ASSETCATALOG_COMPILER_APPICON_NAME = AppIcon;
				INFOPLIST_FILE = Demo/Info.plist;
				LD_RUNPATH_SEARCH_PATHS = "$(inherited) @executable_path/Frameworks";
				PRODUCT_BUNDLE_IDENTIFIER = com.demo.Demo;
				PRODUCT_NAME = "$(TARGET_NAME)";
				SWIFT_VERSION = 3.0;
			};
			name = Debug;
		};
/* End XCBuildConfiguration section */

/* Begin XCConfigurationList section */
		35350209043AAAFE5F13A6E7 /* Build configuration list for PBXNativeTarget "DemoTests" */ = {
			isa = XCConfigurationList;
			buildConfigurations = (
				3535081F45DED449F0300551 /* Debug */,
				35350C547CA97C95D336CA24 /* Release */,
			);
			defaultConfigurationIsVisible = 0;
		};
		3535072D70CC2DEAE97FFE2F /* Build configuration list for PBXProject "Demo" */ = {
			isa = XCConfigurationList;
			buildConfigurations = (
				35350A86F6F85CDDFA04BD10 /* Debug */,
				35350C84000C7986D545BB37 /* Release */,
			);
			defaultConfigurationIsVisible = 0;
			defaultConfigurationName = Release;
		};
		35350D2236B81C68A869CFAF /* Build configuration list for PBXNativeTarget "Demo" */ = {
			isa = XCConfigurationList;
			buildConfigurations = (
				35350F4D4DDCB69406DA892E /* Debug */,
				353506BFA11C106EB098C926 /* Release */,
			);
			defaultConfigurationIsVisible = 0;
		};
/* End XCConfigurationList section */
	};
	rootObject = 35350CF3A02F926A4D688C77 /* Project object */;
}
